// !$*UTF8*$!
{
	archiveVersion = 1;
	classes = {
	};
	objectVersion = 56;
	objects = {

/* Begin PBXBuildFile section */
		460612A02BDE765A00ACDF07 /* AccountScreenView.swift in Sources */ = {isa = PBXBuildFile; fileRef = 4606129F2BDE765A00ACDF07 /* AccountScreenView.swift */; };
		464E08A12BE7ACF600A715E5 /* AdSliderView.swift in Sources */ = {isa = PBXBuildFile; fileRef = 464E08A02BE7ACF600A715E5 /* AdSliderView.swift */; };
		464E08A52BE7B4B700A715E5 /* AppTabView.swift in Sources */ = {isa = PBXBuildFile; fileRef = 464E08A42BE7B4B700A715E5 /* AppTabView.swift */; };
		464E08A72BE7B4FE00A715E5 /* TabViewRouter.swift in Sources */ = {isa = PBXBuildFile; fileRef = 464E08A62BE7B4FE00A715E5 /* TabViewRouter.swift */; };
		464E08AD2BE7BA4B00A715E5 /* CartScreenView.swift in Sources */ = {isa = PBXBuildFile; fileRef = 464E08AC2BE7BA4B00A715E5 /* CartScreenView.swift */; };
		464E08B32BE7BCD000A715E5 /* ShopMapScreenView.swift in Sources */ = {isa = PBXBuildFile; fileRef = 464E08B22BE7BCD000A715E5 /* ShopMapScreenView.swift */; };
		464E08B62BE7C4EE00A715E5 /* QRScannerView.swift in Sources */ = {isa = PBXBuildFile; fileRef = 464E08B52BE7C4EE00A715E5 /* QRScannerView.swift */; };
		467600202BF5494800368A7E /* BottomBarContainer.swift in Sources */ = {isa = PBXBuildFile; fileRef = 4676001F2BF5494800368A7E /* BottomBarContainer.swift */; };
		467600232BF54B2800368A7E /* CustomViewDidLoad.swift in Sources */ = {isa = PBXBuildFile; fileRef = 467600222BF54B2800368A7E /* CustomViewDidLoad.swift */; };
		468E21D42BD163C800F0C606 /* ChebuStoreApp.swift in Sources */ = {isa = PBXBuildFile; fileRef = 468E21D32BD163C800F0C606 /* ChebuStoreApp.swift */; };
		468E21D62BD163C800F0C606 /* ContentView.swift in Sources */ = {isa = PBXBuildFile; fileRef = 468E21D52BD163C800F0C606 /* ContentView.swift */; };
		468E21D82BD163C800F0C606 /* Item.swift in Sources */ = {isa = PBXBuildFile; fileRef = 468E21D72BD163C800F0C606 /* Item.swift */; };
		468E21DA2BD163C900F0C606 /* Assets.xcassets in Resources */ = {isa = PBXBuildFile; fileRef = 468E21D92BD163C900F0C606 /* Assets.xcassets */; };
		468E21DD2BD163C900F0C606 /* Preview Assets.xcassets in Resources */ = {isa = PBXBuildFile; fileRef = 468E21DC2BD163C900F0C606 /* Preview Assets.xcassets */; };
		468E21E72BD163C900F0C606 /* ChebuStoreTests.swift in Sources */ = {isa = PBXBuildFile; fileRef = 468E21E62BD163C900F0C606 /* ChebuStoreTests.swift */; };
		468E21F12BD163C900F0C606 /* ChebuStoreUITests.swift in Sources */ = {isa = PBXBuildFile; fileRef = 468E21F02BD163C900F0C606 /* ChebuStoreUITests.swift */; };
		468E21F32BD163C900F0C606 /* ChebuStoreUITestsLaunchTests.swift in Sources */ = {isa = PBXBuildFile; fileRef = 468E21F22BD163C900F0C606 /* ChebuStoreUITestsLaunchTests.swift */; };
		468E22092BD1660500F0C606 /* ItemsView.swift in Sources */ = {isa = PBXBuildFile; fileRef = 468E22082BD1660500F0C606 /* ItemsView.swift */; };
		468E220B2BD1661800F0C606 /* ItemsViewModel.swift in Sources */ = {isa = PBXBuildFile; fileRef = 468E220A2BD1661700F0C606 /* ItemsViewModel.swift */; };
		468E220D2BD16C0700F0C606 /* Documentation.docc in Sources */ = {isa = PBXBuildFile; fileRef = 468E220C2BD16C0700F0C606 /* Documentation.docc */; };
		468E22112BD16FA500F0C606 /* ItemView.swift in Sources */ = {isa = PBXBuildFile; fileRef = 468E22102BD16FA500F0C606 /* ItemView.swift */; };
		468E22132BD19CE000F0C606 /* ItemDetailView.swift in Sources */ = {isa = PBXBuildFile; fileRef = 468E22122BD19CE000F0C606 /* ItemDetailView.swift */; };
		468E22152BD1A63700F0C606 /* ItemModel.swift in Sources */ = {isa = PBXBuildFile; fileRef = 468E22142BD1A63700F0C606 /* ItemModel.swift */; };
/* End PBXBuildFile section */

/* Begin PBXContainerItemProxy section */
		468E21E32BD163C900F0C606 /* PBXContainerItemProxy */ = {
			isa = PBXContainerItemProxy;
			containerPortal = 468E21C82BD163C800F0C606 /* Project object */;
			proxyType = 1;
			remoteGlobalIDString = 468E21CF2BD163C800F0C606;
			remoteInfo = ChebuStore;
		};
		468E21ED2BD163C900F0C606 /* PBXContainerItemProxy */ = {
			isa = PBXContainerItemProxy;
			containerPortal = 468E21C82BD163C800F0C606 /* Project object */;
			proxyType = 1;
			remoteGlobalIDString = 468E21CF2BD163C800F0C606;
			remoteInfo = ChebuStore;
		};
/* End PBXContainerItemProxy section */

/* Begin PBXFileReference section */
		4606129F2BDE765A00ACDF07 /* AccountScreenView.swift */ = {isa = PBXFileReference; lastKnownFileType = sourcecode.swift; path = AccountScreenView.swift; sourceTree = "<group>"; };
		464E08A02BE7ACF600A715E5 /* AdSliderView.swift */ = {isa = PBXFileReference; lastKnownFileType = sourcecode.swift; path = AdSliderView.swift; sourceTree = "<group>"; };
		464E08A42BE7B4B700A715E5 /* AppTabView.swift */ = {isa = PBXFileReference; lastKnownFileType = sourcecode.swift; path = AppTabView.swift; sourceTree = "<group>"; };
		464E08A62BE7B4FE00A715E5 /* TabViewRouter.swift */ = {isa = PBXFileReference; lastKnownFileType = sourcecode.swift; path = TabViewRouter.swift; sourceTree = "<group>"; };
		464E08AC2BE7BA4B00A715E5 /* CartScreenView.swift */ = {isa = PBXFileReference; lastKnownFileType = sourcecode.swift; path = CartScreenView.swift; sourceTree = "<group>"; };
		464E08B22BE7BCD000A715E5 /* ShopMapScreenView.swift */ = {isa = PBXFileReference; lastKnownFileType = sourcecode.swift; path = ShopMapScreenView.swift; sourceTree = "<group>"; };
		464E08B52BE7C4EE00A715E5 /* QRScannerView.swift */ = {isa = PBXFileReference; lastKnownFileType = sourcecode.swift; path = QRScannerView.swift; sourceTree = "<group>"; };
		4676001F2BF5494800368A7E /* BottomBarContainer.swift */ = {isa = PBXFileReference; lastKnownFileType = sourcecode.swift; path = BottomBarContainer.swift; sourceTree = "<group>"; };
		467600222BF54B2800368A7E /* CustomViewDidLoad.swift */ = {isa = PBXFileReference; lastKnownFileType = sourcecode.swift; path = CustomViewDidLoad.swift; sourceTree = "<group>"; };
		468E21D02BD163C800F0C606 /* ChebuStore.app */ = {isa = PBXFileReference; explicitFileType = wrapper.application; includeInIndex = 0; path = ChebuStore.app; sourceTree = BUILT_PRODUCTS_DIR; };
		468E21D32BD163C800F0C606 /* ChebuStoreApp.swift */ = {isa = PBXFileReference; lastKnownFileType = sourcecode.swift; path = ChebuStoreApp.swift; sourceTree = "<group>"; };
		468E21D52BD163C800F0C606 /* ContentView.swift */ = {isa = PBXFileReference; lastKnownFileType = sourcecode.swift; path = ContentView.swift; sourceTree = "<group>"; };
		468E21D72BD163C800F0C606 /* Item.swift */ = {isa = PBXFileReference; lastKnownFileType = sourcecode.swift; path = Item.swift; sourceTree = "<group>"; };
		468E21D92BD163C900F0C606 /* Assets.xcassets */ = {isa = PBXFileReference; lastKnownFileType = folder.assetcatalog; path = Assets.xcassets; sourceTree = "<group>"; };
		468E21DC2BD163C900F0C606 /* Preview Assets.xcassets */ = {isa = PBXFileReference; lastKnownFileType = folder.assetcatalog; path = "Preview Assets.xcassets"; sourceTree = "<group>"; };
		468E21E22BD163C900F0C606 /* ChebuStoreTests.xctest */ = {isa = PBXFileReference; explicitFileType = wrapper.cfbundle; includeInIndex = 0; path = ChebuStoreTests.xctest; sourceTree = BUILT_PRODUCTS_DIR; };
		468E21E62BD163C900F0C606 /* ChebuStoreTests.swift */ = {isa = PBXFileReference; lastKnownFileType = sourcecode.swift; path = ChebuStoreTests.swift; sourceTree = "<group>"; };
		468E21EC2BD163C900F0C606 /* ChebuStoreUITests.xctest */ = {isa = PBXFileReference; explicitFileType = wrapper.cfbundle; includeInIndex = 0; path = ChebuStoreUITests.xctest; sourceTree = BUILT_PRODUCTS_DIR; };
		468E21F02BD163C900F0C606 /* ChebuStoreUITests.swift */ = {isa = PBXFileReference; lastKnownFileType = sourcecode.swift; path = ChebuStoreUITests.swift; sourceTree = "<group>"; };
		468E21F22BD163C900F0C606 /* ChebuStoreUITestsLaunchTests.swift */ = {isa = PBXFileReference; lastKnownFileType = sourcecode.swift; path = ChebuStoreUITestsLaunchTests.swift; sourceTree = "<group>"; };
		468E22082BD1660500F0C606 /* ItemsView.swift */ = {isa = PBXFileReference; lastKnownFileType = sourcecode.swift; path = ItemsView.swift; sourceTree = "<group>"; };
		468E220A2BD1661700F0C606 /* ItemsViewModel.swift */ = {isa = PBXFileReference; lastKnownFileType = sourcecode.swift; path = ItemsViewModel.swift; sourceTree = "<group>"; };
		468E220C2BD16C0700F0C606 /* Documentation.docc */ = {isa = PBXFileReference; lastKnownFileType = folder.documentationcatalog; path = Documentation.docc; sourceTree = "<group>"; };
		468E220E2BD16C2D00F0C606 /* Playground.playground */ = {isa = PBXFileReference; lastKnownFileType = file.playground; path = Playground.playground; sourceTree = "<group>"; xcLanguageSpecificationIdentifier = xcode.lang.swift; };
		468E22102BD16FA500F0C606 /* ItemView.swift */ = {isa = PBXFileReference; lastKnownFileType = sourcecode.swift; path = ItemView.swift; sourceTree = "<group>"; };
		468E22122BD19CE000F0C606 /* ItemDetailView.swift */ = {isa = PBXFileReference; lastKnownFileType = sourcecode.swift; path = ItemDetailView.swift; sourceTree = "<group>"; };
		468E22142BD1A63700F0C606 /* ItemModel.swift */ = {isa = PBXFileReference; lastKnownFileType = sourcecode.swift; path = ItemModel.swift; sourceTree = "<group>"; };
/* End PBXFileReference section */

/* Begin PBXFrameworksBuildPhase section */
		468E21CD2BD163C800F0C606 /* Frameworks */ = {
			isa = PBXFrameworksBuildPhase;
			buildActionMask = 2147483647;
			files = (
			);
			runOnlyForDeploymentPostprocessing = 0;
		};
		468E21DF2BD163C900F0C606 /* Frameworks */ = {
			isa = PBXFrameworksBuildPhase;
			buildActionMask = 2147483647;
			files = (
			);
			runOnlyForDeploymentPostprocessing = 0;
		};
		468E21E92BD163C900F0C606 /* Frameworks */ = {
			isa = PBXFrameworksBuildPhase;
			buildActionMask = 2147483647;
			files = (
			);
			runOnlyForDeploymentPostprocessing = 0;
		};
/* End PBXFrameworksBuildPhase section */

/* Begin PBXGroup section */
		4606129B2BDE762200ACDF07 /* AccountSettings */ = {
			isa = PBXGroup;
			children = (
				4606129E2BDE763600ACDF07 /* View */,
				4606129D2BDE763000ACDF07 /* ViewModel */,
				4606129C2BDE762B00ACDF07 /* Model */,
			);
			path = AccountSettings;
			sourceTree = "<group>";
		};
		4606129C2BDE762B00ACDF07 /* Model */ = {
			isa = PBXGroup;
			children = (
			);
			path = Model;
			sourceTree = "<group>";
		};
		4606129D2BDE763000ACDF07 /* ViewModel */ = {
			isa = PBXGroup;
			children = (
			);
			path = ViewModel;
			sourceTree = "<group>";
		};
		4606129E2BDE763600ACDF07 /* View */ = {
			isa = PBXGroup;
			children = (
				4606129F2BDE765A00ACDF07 /* AccountScreenView.swift */,
			);
			path = View;
			sourceTree = "<group>";
		};
		464E08A22BE7B34200A715E5 /* Routing */ = {
			isa = PBXGroup;
			children = (
				464E08A32BE7B34B00A715E5 /* TabBarRouting */,
			);
			path = Routing;
			sourceTree = "<group>";
		};
		464E08A32BE7B34B00A715E5 /* TabBarRouting */ = {
			isa = PBXGroup;
			children = (
				464E08A42BE7B4B700A715E5 /* AppTabView.swift */,
				464E08A62BE7B4FE00A715E5 /* TabViewRouter.swift */,
			);
			path = TabBarRouting;
			sourceTree = "<group>";
		};
		464E08A82BE7BA1E00A715E5 /* Cart */ = {
			isa = PBXGroup;
			children = (
				464E08A92BE7BA2700A715E5 /* View */,
				464E08AB2BE7BA2D00A715E5 /* ViewModel */,
				464E08AA2BE7BA2B00A715E5 /* Model */,
			);
			path = Cart;
			sourceTree = "<group>";
		};
		464E08A92BE7BA2700A715E5 /* View */ = {
			isa = PBXGroup;
			children = (
				464E08AC2BE7BA4B00A715E5 /* CartScreenView.swift */,
			);
			path = View;
			sourceTree = "<group>";
		};
		464E08AA2BE7BA2B00A715E5 /* Model */ = {
			isa = PBXGroup;
			children = (
			);
			path = Model;
			sourceTree = "<group>";
		};
		464E08AB2BE7BA2D00A715E5 /* ViewModel */ = {
			isa = PBXGroup;
			children = (
			);
			path = ViewModel;
			sourceTree = "<group>";
		};
		464E08AE2BE7BCB300A715E5 /* ShopMap */ = {
			isa = PBXGroup;
			children = (
				464E08AF2BE7BCBD00A715E5 /* View */,
				464E08B12BE7BCC200A715E5 /* ViewModel */,
				464E08B02BE7BCC000A715E5 /* Model */,
			);
			path = ShopMap;
			sourceTree = "<group>";
		};
		464E08AF2BE7BCBD00A715E5 /* View */ = {
			isa = PBXGroup;
			children = (
				464E08B22BE7BCD000A715E5 /* ShopMapScreenView.swift */,
			);
			path = View;
			sourceTree = "<group>";
		};
		464E08B02BE7BCC000A715E5 /* Model */ = {
			isa = PBXGroup;
			children = (
			);
			path = Model;
			sourceTree = "<group>";
		};
		464E08B12BE7BCC200A715E5 /* ViewModel */ = {
			isa = PBXGroup;
			children = (
			);
			path = ViewModel;
			sourceTree = "<group>";
		};
		467600212BF54B1600368A7E /* Tools */ = {
			isa = PBXGroup;
			children = (
				467600222BF54B2800368A7E /* CustomViewDidLoad.swift */,
			);
			path = Tools;
			sourceTree = "<group>";
		};
		468E21C72BD163C800F0C606 = {
			isa = PBXGroup;
			children = (
				468E220E2BD16C2D00F0C606 /* Playground.playground */,
				468E220C2BD16C0700F0C606 /* Documentation.docc */,
				468E21D22BD163C800F0C606 /* ChebuStore */,
				468E21E52BD163C900F0C606 /* ChebuStoreTests */,
				468E21EF2BD163C900F0C606 /* ChebuStoreUITests */,
				468E21D12BD163C800F0C606 /* Products */,
			);
			sourceTree = "<group>";
		};
		468E21D12BD163C800F0C606 /* Products */ = {
			isa = PBXGroup;
			children = (
				468E21D02BD163C800F0C606 /* ChebuStore.app */,
				468E21E22BD163C900F0C606 /* ChebuStoreTests.xctest */,
				468E21EC2BD163C900F0C606 /* ChebuStoreUITests.xctest */,
			);
			name = Products;
			sourceTree = "<group>";
		};
		468E21D22BD163C800F0C606 /* ChebuStore */ = {
			isa = PBXGroup;
			children = (
				468E21FF2BD1648800F0C606 /* App */,
				468E22022BD1651300F0C606 /* Shared */,
				468E22002BD1648D00F0C606 /* Feature */,
				468E21D32BD163C800F0C606 /* ChebuStoreApp.swift */,
				468E21D52BD163C800F0C606 /* ContentView.swift */,
				468E21D72BD163C800F0C606 /* Item.swift */,
				468E21D92BD163C900F0C606 /* Assets.xcassets */,
				468E21DB2BD163C900F0C606 /* Preview Content */,
			);
			path = ChebuStore;
			sourceTree = "<group>";
		};
		468E21DB2BD163C900F0C606 /* Preview Content */ = {
			isa = PBXGroup;
			children = (
				468E21DC2BD163C900F0C606 /* Preview Assets.xcassets */,
			);
			path = "Preview Content";
			sourceTree = "<group>";
		};
		468E21E52BD163C900F0C606 /* ChebuStoreTests */ = {
			isa = PBXGroup;
			children = (
				468E21E62BD163C900F0C606 /* ChebuStoreTests.swift */,
			);
			path = ChebuStoreTests;
			sourceTree = "<group>";
		};
		468E21EF2BD163C900F0C606 /* ChebuStoreUITests */ = {
			isa = PBXGroup;
			children = (
				468E21F02BD163C900F0C606 /* ChebuStoreUITests.swift */,
				468E21F22BD163C900F0C606 /* ChebuStoreUITestsLaunchTests.swift */,
			);
			path = ChebuStoreUITests;
			sourceTree = "<group>";
		};
		468E21FF2BD1648800F0C606 /* App */ = {
			isa = PBXGroup;
			children = (
				464E08A22BE7B34200A715E5 /* Routing */,
			);
			path = App;
			sourceTree = "<group>";
		};
		468E22002BD1648D00F0C606 /* Feature */ = {
			isa = PBXGroup;
			children = (
				468E22042BD1658700F0C606 /* Item */,
				464E08A82BE7BA1E00A715E5 /* Cart */,
				464E08AE2BE7BCB300A715E5 /* ShopMap */,
				4606129B2BDE762200ACDF07 /* AccountSettings */,
			);
			path = Feature;
			sourceTree = "<group>";
		};
		468E22012BD1649300F0C606 /* Services */ = {
			isa = PBXGroup;
			children = (
			);
			path = Services;
			sourceTree = "<group>";
		};
		468E22022BD1651300F0C606 /* Shared */ = {
			isa = PBXGroup;
			children = (
				467600212BF54B1600368A7E /* Tools */,
				468E22032BD1652600F0C606 /* UI */,
				468E22012BD1649300F0C606 /* Services */,
			);
			path = Shared;
			sourceTree = "<group>";
		};
		468E22032BD1652600F0C606 /* UI */ = {
			isa = PBXGroup;
			children = (
				464E08B52BE7C4EE00A715E5 /* QRScannerView.swift */,
				4676001F2BF5494800368A7E /* BottomBarContainer.swift */,
			);
			path = UI;
			sourceTree = "<group>";
		};
		468E22042BD1658700F0C606 /* Item */ = {
			isa = PBXGroup;
			children = (
				468E22062BD165A000F0C606 /* View */,
				468E22072BD165A300F0C606 /* ViewModel */,
				468E22052BD1659C00F0C606 /* Model */,
			);
			path = Item;
			sourceTree = "<group>";
		};
		468E22052BD1659C00F0C606 /* Model */ = {
			isa = PBXGroup;
			children = (
				468E22142BD1A63700F0C606 /* ItemModel.swift */,
			);
			path = Model;
			sourceTree = "<group>";
		};
		468E22062BD165A000F0C606 /* View */ = {
			isa = PBXGroup;
			children = (
				468E22082BD1660500F0C606 /* ItemsView.swift */,
				468E22102BD16FA500F0C606 /* ItemView.swift */,
				468E22122BD19CE000F0C606 /* ItemDetailView.swift */,
				464E08A02BE7ACF600A715E5 /* AdSliderView.swift */,
			);
			path = View;
			sourceTree = "<group>";
		};
		468E22072BD165A300F0C606 /* ViewModel */ = {
			isa = PBXGroup;
			children = (
				468E220A2BD1661700F0C606 /* ItemsViewModel.swift */,
			);
			path = ViewModel;
			sourceTree = "<group>";
		};
/* End PBXGroup section */

/* Begin PBXNativeTarget section */
		468E21CF2BD163C800F0C606 /* ChebuStore */ = {
			isa = PBXNativeTarget;
			buildConfigurationList = 468E21F62BD163C900F0C606 /* Build configuration list for PBXNativeTarget "ChebuStore" */;
			buildPhases = (
				468E21CC2BD163C800F0C606 /* Sources */,
				468E21CD2BD163C800F0C606 /* Frameworks */,
				468E21CE2BD163C800F0C606 /* Resources */,
			);
			buildRules = (
			);
			dependencies = (
			);
			name = ChebuStore;
			productName = ChebuStore;
			productReference = 468E21D02BD163C800F0C606 /* ChebuStore.app */;
			productType = "com.apple.product-type.application";
		};
		468E21E12BD163C900F0C606 /* ChebuStoreTests */ = {
			isa = PBXNativeTarget;
			buildConfigurationList = 468E21F92BD163C900F0C606 /* Build configuration list for PBXNativeTarget "ChebuStoreTests" */;
			buildPhases = (
				468E21DE2BD163C900F0C606 /* Sources */,
				468E21DF2BD163C900F0C606 /* Frameworks */,
				468E21E02BD163C900F0C606 /* Resources */,
			);
			buildRules = (
			);
			dependencies = (
				468E21E42BD163C900F0C606 /* PBXTargetDependency */,
			);
			name = ChebuStoreTests;
			productName = ChebuStoreTests;
			productReference = 468E21E22BD163C900F0C606 /* ChebuStoreTests.xctest */;
			productType = "com.apple.product-type.bundle.unit-test";
		};
		468E21EB2BD163C900F0C606 /* ChebuStoreUITests */ = {
			isa = PBXNativeTarget;
			buildConfigurationList = 468E21FC2BD163C900F0C606 /* Build configuration list for PBXNativeTarget "ChebuStoreUITests" */;
			buildPhases = (
				468E21E82BD163C900F0C606 /* Sources */,
				468E21E92BD163C900F0C606 /* Frameworks */,
				468E21EA2BD163C900F0C606 /* Resources */,
			);
			buildRules = (
			);
			dependencies = (
				468E21EE2BD163C900F0C606 /* PBXTargetDependency */,
			);
			name = ChebuStoreUITests;
			productName = ChebuStoreUITests;
			productReference = 468E21EC2BD163C900F0C606 /* ChebuStoreUITests.xctest */;
			productType = "com.apple.product-type.bundle.ui-testing";
		};
/* End PBXNativeTarget section */

/* Begin PBXProject section */
		468E21C82BD163C800F0C606 /* Project object */ = {
			isa = PBXProject;
			attributes = {
				BuildIndependentTargetsInParallel = 1;
				LastSwiftUpdateCheck = 1530;
				LastUpgradeCheck = 1530;
				TargetAttributes = {
					468E21CF2BD163C800F0C606 = {
						CreatedOnToolsVersion = 15.3;
					};
					468E21E12BD163C900F0C606 = {
						CreatedOnToolsVersion = 15.3;
						TestTargetID = 468E21CF2BD163C800F0C606;
					};
					468E21EB2BD163C900F0C606 = {
						CreatedOnToolsVersion = 15.3;
						TestTargetID = 468E21CF2BD163C800F0C606;
					};
				};
			};
			buildConfigurationList = 468E21CB2BD163C800F0C606 /* Build configuration list for PBXProject "ChebuStore" */;
			compatibilityVersion = "Xcode 14.0";
			developmentRegion = en;
			hasScannedForEncodings = 0;
			knownRegions = (
				en,
				Base,
			);
			mainGroup = 468E21C72BD163C800F0C606;
			productRefGroup = 468E21D12BD163C800F0C606 /* Products */;
			projectDirPath = "";
			projectRoot = "";
			targets = (
				468E21CF2BD163C800F0C606 /* ChebuStore */,
				468E21E12BD163C900F0C606 /* ChebuStoreTests */,
				468E21EB2BD163C900F0C606 /* ChebuStoreUITests */,
			);
		};
/* End PBXProject section */

/* Begin PBXResourcesBuildPhase section */
		468E21CE2BD163C800F0C606 /* Resources */ = {
			isa = PBXResourcesBuildPhase;
			buildActionMask = 2147483647;
			files = (
				468E21DD2BD163C900F0C606 /* Preview Assets.xcassets in Resources */,
				468E21DA2BD163C900F0C606 /* Assets.xcassets in Resources */,
			);
			runOnlyForDeploymentPostprocessing = 0;
		};
		468E21E02BD163C900F0C606 /* Resources */ = {
			isa = PBXResourcesBuildPhase;
			buildActionMask = 2147483647;
			files = (
			);
			runOnlyForDeploymentPostprocessing = 0;
		};
		468E21EA2BD163C900F0C606 /* Resources */ = {
			isa = PBXResourcesBuildPhase;
			buildActionMask = 2147483647;
			files = (
			);
			runOnlyForDeploymentPostprocessing = 0;
		};
/* End PBXResourcesBuildPhase section */

/* Begin PBXSourcesBuildPhase section */
		468E21CC2BD163C800F0C606 /* Sources */ = {
			isa = PBXSourcesBuildPhase;
			buildActionMask = 2147483647;
			files = (
				468E220B2BD1661800F0C606 /* ItemsViewModel.swift in Sources */,
				468E22152BD1A63700F0C606 /* ItemModel.swift in Sources */,
				468E220D2BD16C0700F0C606 /* Documentation.docc in Sources */,
				468E21D62BD163C800F0C606 /* ContentView.swift in Sources */,
				464E08B32BE7BCD000A715E5 /* ShopMapScreenView.swift in Sources */,
				468E21D82BD163C800F0C606 /* Item.swift in Sources */,
				464E08B62BE7C4EE00A715E5 /* QRScannerView.swift in Sources */,
				468E22132BD19CE000F0C606 /* ItemDetailView.swift in Sources */,
				467600202BF5494800368A7E /* BottomBarContainer.swift in Sources */,
				464E08A72BE7B4FE00A715E5 /* TabViewRouter.swift in Sources */,
				464E08A52BE7B4B700A715E5 /* AppTabView.swift in Sources */,
				468E22112BD16FA500F0C606 /* ItemView.swift in Sources */,
				468E21D42BD163C800F0C606 /* ChebuStoreApp.swift in Sources */,
				467600232BF54B2800368A7E /* CustomViewDidLoad.swift in Sources */,
				464E08AD2BE7BA4B00A715E5 /* CartScreenView.swift in Sources */,
				464E08A12BE7ACF600A715E5 /* AdSliderView.swift in Sources */,
				468E22092BD1660500F0C606 /* ItemsView.swift in Sources */,
				460612A02BDE765A00ACDF07 /* AccountScreenView.swift in Sources */,
			);
			runOnlyForDeploymentPostprocessing = 0;
		};
		468E21DE2BD163C900F0C606 /* Sources */ = {
			isa = PBXSourcesBuildPhase;
			buildActionMask = 2147483647;
			files = (
				468E21E72BD163C900F0C606 /* ChebuStoreTests.swift in Sources */,
			);
			runOnlyForDeploymentPostprocessing = 0;
		};
		468E21E82BD163C900F0C606 /* Sources */ = {
			isa = PBXSourcesBuildPhase;
			buildActionMask = 2147483647;
			files = (
				468E21F32BD163C900F0C606 /* ChebuStoreUITestsLaunchTests.swift in Sources */,
				468E21F12BD163C900F0C606 /* ChebuStoreUITests.swift in Sources */,
			);
			runOnlyForDeploymentPostprocessing = 0;
		};
/* End PBXSourcesBuildPhase section */

/* Begin PBXTargetDependency section */
		468E21E42BD163C900F0C606 /* PBXTargetDependency */ = {
			isa = PBXTargetDependency;
			target = 468E21CF2BD163C800F0C606 /* ChebuStore */;
			targetProxy = 468E21E32BD163C900F0C606 /* PBXContainerItemProxy */;
		};
		468E21EE2BD163C900F0C606 /* PBXTargetDependency */ = {
			isa = PBXTargetDependency;
			target = 468E21CF2BD163C800F0C606 /* ChebuStore */;
			targetProxy = 468E21ED2BD163C900F0C606 /* PBXContainerItemProxy */;
		};
/* End PBXTargetDependency section */

/* Begin XCBuildConfiguration section */
		468E21F42BD163C900F0C606 /* Debug */ = {
			isa = XCBuildConfiguration;
			buildSettings = {
				ALWAYS_SEARCH_USER_PATHS = NO;
				ASSETCATALOG_COMPILER_GENERATE_SWIFT_ASSET_SYMBOL_EXTENSIONS = YES;
				CLANG_ANALYZER_NONNULL = YES;
				CLANG_ANALYZER_NUMBER_OBJECT_CONVERSION = YES_AGGRESSIVE;
				CLANG_CXX_LANGUAGE_STANDARD = "gnu++20";
				CLANG_ENABLE_MODULES = YES;
				CLANG_ENABLE_OBJC_ARC = YES;
				CLANG_ENABLE_OBJC_WEAK = YES;
				CLANG_WARN_BLOCK_CAPTURE_AUTORELEASING = YES;
				CLANG_WARN_BOOL_CONVERSION = YES;
				CLANG_WARN_COMMA = YES;
				CLANG_WARN_CONSTANT_CONVERSION = YES;
				CLANG_WARN_DEPRECATED_OBJC_IMPLEMENTATIONS = YES;
				CLANG_WARN_DIRECT_OBJC_ISA_USAGE = YES_ERROR;
				CLANG_WARN_DOCUMENTATION_COMMENTS = YES;
				CLANG_WARN_EMPTY_BODY = YES;
				CLANG_WARN_ENUM_CONVERSION = YES;
				CLANG_WARN_INFINITE_RECURSION = YES;
				CLANG_WARN_INT_CONVERSION = YES;
				CLANG_WARN_NON_LITERAL_NULL_CONVERSION = YES;
				CLANG_WARN_OBJC_IMPLICIT_RETAIN_SELF = YES;
				CLANG_WARN_OBJC_LITERAL_CONVERSION = YES;
				CLANG_WARN_OBJC_ROOT_CLASS = YES_ERROR;
				CLANG_WARN_QUOTED_INCLUDE_IN_FRAMEWORK_HEADER = YES;
				CLANG_WARN_RANGE_LOOP_ANALYSIS = YES;
				CLANG_WARN_STRICT_PROTOTYPES = YES;
				CLANG_WARN_SUSPICIOUS_MOVE = YES;
				CLANG_WARN_UNGUARDED_AVAILABILITY = YES_AGGRESSIVE;
				CLANG_WARN_UNREACHABLE_CODE = YES;
				CLANG_WARN__DUPLICATE_METHOD_MATCH = YES;
				COPY_PHASE_STRIP = NO;
				DEBUG_INFORMATION_FORMAT = dwarf;
				ENABLE_STRICT_OBJC_MSGSEND = YES;
				ENABLE_TESTABILITY = YES;
				ENABLE_USER_SCRIPT_SANDBOXING = YES;
				GCC_C_LANGUAGE_STANDARD = gnu17;
				GCC_DYNAMIC_NO_PIC = NO;
				GCC_NO_COMMON_BLOCKS = YES;
				GCC_OPTIMIZATION_LEVEL = 0;
				GCC_PREPROCESSOR_DEFINITIONS = (
					"DEBUG=1",
					"$(inherited)",
				);
				GCC_WARN_64_TO_32_BIT_CONVERSION = YES;
				GCC_WARN_ABOUT_RETURN_TYPE = YES_ERROR;
				GCC_WARN_UNDECLARED_SELECTOR = YES;
				GCC_WARN_UNINITIALIZED_AUTOS = YES_AGGRESSIVE;
				GCC_WARN_UNUSED_FUNCTION = YES;
				GCC_WARN_UNUSED_VARIABLE = YES;
				IPHONEOS_DEPLOYMENT_TARGET = 17.4;
				LOCALIZATION_PREFERS_STRING_CATALOGS = YES;
				MTL_ENABLE_DEBUG_INFO = INCLUDE_SOURCE;
				MTL_FAST_MATH = YES;
				ONLY_ACTIVE_ARCH = YES;
				SDKROOT = iphoneos;
				SWIFT_ACTIVE_COMPILATION_CONDITIONS = "DEBUG $(inherited)";
				SWIFT_OPTIMIZATION_LEVEL = "-Onone";
			};
			name = Debug;
		};
		468E21F52BD163C900F0C606 /* Release */ = {
			isa = XCBuildConfiguration;
			buildSettings = {
				ALWAYS_SEARCH_USER_PATHS = NO;
				ASSETCATALOG_COMPILER_GENERATE_SWIFT_ASSET_SYMBOL_EXTENSIONS = YES;
				CLANG_ANALYZER_NONNULL = YES;
				CLANG_ANALYZER_NUMBER_OBJECT_CONVERSION = YES_AGGRESSIVE;
				CLANG_CXX_LANGUAGE_STANDARD = "gnu++20";
				CLANG_ENABLE_MODULES = YES;
				CLANG_ENABLE_OBJC_ARC = YES;
				CLANG_ENABLE_OBJC_WEAK = YES;
				CLANG_WARN_BLOCK_CAPTURE_AUTORELEASING = YES;
				CLANG_WARN_BOOL_CONVERSION = YES;
				CLANG_WARN_COMMA = YES;
				CLANG_WARN_CONSTANT_CONVERSION = YES;
				CLANG_WARN_DEPRECATED_OBJC_IMPLEMENTATIONS = YES;
				CLANG_WARN_DIRECT_OBJC_ISA_USAGE = YES_ERROR;
				CLANG_WARN_DOCUMENTATION_COMMENTS = YES;
				CLANG_WARN_EMPTY_BODY = YES;
				CLANG_WARN_ENUM_CONVERSION = YES;
				CLANG_WARN_INFINITE_RECURSION = YES;
				CLANG_WARN_INT_CONVERSION = YES;
				CLANG_WARN_NON_LITERAL_NULL_CONVERSION = YES;
				CLANG_WARN_OBJC_IMPLICIT_RETAIN_SELF = YES;
				CLANG_WARN_OBJC_LITERAL_CONVERSION = YES;
				CLANG_WARN_OBJC_ROOT_CLASS = YES_ERROR;
				CLANG_WARN_QUOTED_INCLUDE_IN_FRAMEWORK_HEADER = YES;
				CLANG_WARN_RANGE_LOOP_ANALYSIS = YES;
				CLANG_WARN_STRICT_PROTOTYPES = YES;
				CLANG_WARN_SUSPICIOUS_MOVE = YES;
				CLANG_WARN_UNGUARDED_AVAILABILITY = YES_AGGRESSIVE;
				CLANG_WARN_UNREACHABLE_CODE = YES;
				CLANG_WARN__DUPLICATE_METHOD_MATCH = YES;
				COPY_PHASE_STRIP = NO;
				DEBUG_INFORMATION_FORMAT = "dwarf-with-dsym";
				ENABLE_NS_ASSERTIONS = NO;
				ENABLE_STRICT_OBJC_MSGSEND = YES;
				ENABLE_USER_SCRIPT_SANDBOXING = YES;
				GCC_C_LANGUAGE_STANDARD = gnu17;
				GCC_NO_COMMON_BLOCKS = YES;
				GCC_WARN_64_TO_32_BIT_CONVERSION = YES;
				GCC_WARN_ABOUT_RETURN_TYPE = YES_ERROR;
				GCC_WARN_UNDECLARED_SELECTOR = YES;
				GCC_WARN_UNINITIALIZED_AUTOS = YES_AGGRESSIVE;
				GCC_WARN_UNUSED_FUNCTION = YES;
				GCC_WARN_UNUSED_VARIABLE = YES;
				IPHONEOS_DEPLOYMENT_TARGET = 17.4;
				LOCALIZATION_PREFERS_STRING_CATALOGS = YES;
				MTL_ENABLE_DEBUG_INFO = NO;
				MTL_FAST_MATH = YES;
				SDKROOT = iphoneos;
				SWIFT_COMPILATION_MODE = wholemodule;
				VALIDATE_PRODUCT = YES;
			};
			name = Release;
		};
		468E21F72BD163C900F0C606 /* Debug */ = {
			isa = XCBuildConfiguration;
			buildSettings = {
				ASSETCATALOG_COMPILER_APPICON_NAME = AppIcon;
				ASSETCATALOG_COMPILER_GLOBAL_ACCENT_COLOR_NAME = AccentColor;
				CODE_SIGN_STYLE = Automatic;
				CURRENT_PROJECT_VERSION = 1;
				DEVELOPMENT_ASSET_PATHS = "\"ChebuStore/Preview Content\"";
				DEVELOPMENT_TEAM = 73AGDSA9QN;
				ENABLE_PREVIEWS = YES;
				GENERATE_INFOPLIST_FILE = YES;
				INFOPLIST_KEY_UIApplicationSceneManifest_Generation = YES;
				INFOPLIST_KEY_UIApplicationSupportsIndirectInputEvents = YES;
				INFOPLIST_KEY_UILaunchScreen_Generation = YES;
				INFOPLIST_KEY_UISupportedInterfaceOrientations_iPad = "UIInterfaceOrientationPortrait UIInterfaceOrientationPortraitUpsideDown UIInterfaceOrientationLandscapeLeft UIInterfaceOrientationLandscapeRight";
				INFOPLIST_KEY_UISupportedInterfaceOrientations_iPhone = "UIInterfaceOrientationPortrait UIInterfaceOrientationLandscapeLeft UIInterfaceOrientationLandscapeRight";
				LD_RUNPATH_SEARCH_PATHS = (
					"$(inherited)",
					"@executable_path/Frameworks",
				);
				MARKETING_VERSION = 1.0;
				PRODUCT_BUNDLE_IDENTIFIER = ChebuTeam.ChebuStore;
				PRODUCT_NAME = "$(TARGET_NAME)";
				SWIFT_EMIT_LOC_STRINGS = YES;
				SWIFT_VERSION = 5.0;
				TARGETED_DEVICE_FAMILY = "1,2";
			};
			name = Debug;
		};
		468E21F82BD163C900F0C606 /* Release */ = {
			isa = XCBuildConfiguration;
			buildSettings = {
				ASSETCATALOG_COMPILER_APPICON_NAME = AppIcon;
				ASSETCATALOG_COMPILER_GLOBAL_ACCENT_COLOR_NAME = AccentColor;
				CODE_SIGN_STYLE = Automatic;
				CURRENT_PROJECT_VERSION = 1;
				DEVELOPMENT_ASSET_PATHS = "\"ChebuStore/Preview Content\"";
				DEVELOPMENT_TEAM = 73AGDSA9QN;
				ENABLE_PREVIEWS = YES;
				GENERATE_INFOPLIST_FILE = YES;
				INFOPLIST_KEY_UIApplicationSceneManifest_Generation = YES;
				INFOPLIST_KEY_UIApplicationSupportsIndirectInputEvents = YES;
				INFOPLIST_KEY_UILaunchScreen_Generation = YES;
				INFOPLIST_KEY_UISupportedInterfaceOrientations_iPad = "UIInterfaceOrientationPortrait UIInterfaceOrientationPortraitUpsideDown UIInterfaceOrientationLandscapeLeft UIInterfaceOrientationLandscapeRight";
				INFOPLIST_KEY_UISupportedInterfaceOrientations_iPhone = "UIInterfaceOrientationPortrait UIInterfaceOrientationLandscapeLeft UIInterfaceOrientationLandscapeRight";
				LD_RUNPATH_SEARCH_PATHS = (
					"$(inherited)",
					"@executable_path/Frameworks",
				);
				MARKETING_VERSION = 1.0;
				PRODUCT_BUNDLE_IDENTIFIER = ChebuTeam.ChebuStore;
				PRODUCT_NAME = "$(TARGET_NAME)";
				SWIFT_EMIT_LOC_STRINGS = YES;
				SWIFT_VERSION = 5.0;
				TARGETED_DEVICE_FAMILY = "1,2";
			};
			name = Release;
		};
		468E21FA2BD163C900F0C606 /* Debug */ = {
			isa = XCBuildConfiguration;
			buildSettings = {
				ALWAYS_EMBED_SWIFT_STANDARD_LIBRARIES = YES;
				BUNDLE_LOADER = "$(TEST_HOST)";
				CODE_SIGN_STYLE = Automatic;
				CURRENT_PROJECT_VERSION = 1;
				DEVELOPMENT_TEAM = 73AGDSA9QN;
				GENERATE_INFOPLIST_FILE = YES;
				IPHONEOS_DEPLOYMENT_TARGET = 17.4;
				MARKETING_VERSION = 1.0;
				PRODUCT_BUNDLE_IDENTIFIER = ChebuTeam.ChebuStoreTests;
				PRODUCT_NAME = "$(TARGET_NAME)";
				SWIFT_EMIT_LOC_STRINGS = NO;
				SWIFT_VERSION = 5.0;
				TARGETED_DEVICE_FAMILY = "1,2";
				TEST_HOST = "$(BUILT_PRODUCTS_DIR)/ChebuStore.app/$(BUNDLE_EXECUTABLE_FOLDER_PATH)/ChebuStore";
			};
			name = Debug;
		};
		468E21FB2BD163C900F0C606 /* Release */ = {
			isa = XCBuildConfiguration;
			buildSettings = {
				ALWAYS_EMBED_SWIFT_STANDARD_LIBRARIES = YES;
				BUNDLE_LOADER = "$(TEST_HOST)";
				CODE_SIGN_STYLE = Automatic;
				CURRENT_PROJECT_VERSION = 1;
				DEVELOPMENT_TEAM = 73AGDSA9QN;
				GENERATE_INFOPLIST_FILE = YES;
				IPHONEOS_DEPLOYMENT_TARGET = 17.4;
				MARKETING_VERSION = 1.0;
				PRODUCT_BUNDLE_IDENTIFIER = ChebuTeam.ChebuStoreTests;
				PRODUCT_NAME = "$(TARGET_NAME)";
				SWIFT_EMIT_LOC_STRINGS = NO;
				SWIFT_VERSION = 5.0;
				TARGETED_DEVICE_FAMILY = "1,2";
				TEST_HOST = "$(BUILT_PRODUCTS_DIR)/ChebuStore.app/$(BUNDLE_EXECUTABLE_FOLDER_PATH)/ChebuStore";
			};
			name = Release;
		};
		468E21FD2BD163C900F0C606 /* Debug */ = {
			isa = XCBuildConfiguration;
			buildSettings = {
				ALWAYS_EMBED_SWIFT_STANDARD_LIBRARIES = YES;
				CODE_SIGN_STYLE = Automatic;
				CURRENT_PROJECT_VERSION = 1;
				DEVELOPMENT_TEAM = 73AGDSA9QN;
				GENERATE_INFOPLIST_FILE = YES;
				MARKETING_VERSION = 1.0;
				PRODUCT_BUNDLE_IDENTIFIER = ChebuTeam.ChebuStoreUITests;
				PRODUCT_NAME = "$(TARGET_NAME)";
				SWIFT_EMIT_LOC_STRINGS = NO;
				SWIFT_VERSION = 5.0;
				TARGETED_DEVICE_FAMILY = "1,2";
				TEST_TARGET_NAME = ChebuStore;
			};
			name = Debug;
		};
		468E21FE2BD163C900F0C606 /* Release */ = {
			isa = XCBuildConfiguration;
			buildSettings = {
				ALWAYS_EMBED_SWIFT_STANDARD_LIBRARIES = YES;
				CODE_SIGN_STYLE = Automatic;
				CURRENT_PROJECT_VERSION = 1;
				DEVELOPMENT_TEAM = 73AGDSA9QN;
				GENERATE_INFOPLIST_FILE = YES;
				MARKETING_VERSION = 1.0;
				PRODUCT_BUNDLE_IDENTIFIER = ChebuTeam.ChebuStoreUITests;
				PRODUCT_NAME = "$(TARGET_NAME)";
				SWIFT_EMIT_LOC_STRINGS = NO;
				SWIFT_VERSION = 5.0;
				TARGETED_DEVICE_FAMILY = "1,2";
				TEST_TARGET_NAME = ChebuStore;
			};
			name = Release;
		};
/* End XCBuildConfiguration section */

/* Begin XCConfigurationList section */
		468E21CB2BD163C800F0C606 /* Build configuration list for PBXProject "ChebuStore" */ = {
			isa = XCConfigurationList;
			buildConfigurations = (
				468E21F42BD163C900F0C606 /* Debug */,
				468E21F52BD163C900F0C606 /* Release */,
			);
			defaultConfigurationIsVisible = 0;
			defaultConfigurationName = Release;
		};
		468E21F62BD163C900F0C606 /* Build configuration list for PBXNativeTarget "ChebuStore" */ = {
			isa = XCConfigurationList;
			buildConfigurations = (
				468E21F72BD163C900F0C606 /* Debug */,
				468E21F82BD163C900F0C606 /* Release */,
			);
			defaultConfigurationIsVisible = 0;
			defaultConfigurationName = Release;
		};
		468E21F92BD163C900F0C606 /* Build configuration list for PBXNativeTarget "ChebuStoreTests" */ = {
			isa = XCConfigurationList;
			buildConfigurations = (
				468E21FA2BD163C900F0C606 /* Debug */,
				468E21FB2BD163C900F0C606 /* Release */,
			);
			defaultConfigurationIsVisible = 0;
			defaultConfigurationName = Release;
		};
		468E21FC2BD163C900F0C606 /* Build configuration list for PBXNativeTarget "ChebuStoreUITests" */ = {
			isa = XCConfigurationList;
			buildConfigurations = (
				468E21FD2BD163C900F0C606 /* Debug */,
				468E21FE2BD163C900F0C606 /* Release */,
			);
			defaultConfigurationIsVisible = 0;
			defaultConfigurationName = Release;
		};
/* End XCConfigurationList section */
	};
	rootObject = 468E21C82BD163C800F0C606 /* Project object */;
}
